Microsoft Visual Studio Solution File, Format Version 12.00
# Visual Studio Version 17
VisualStudioVersion = 17.5.2.0
MinimumVisualStudioVersion = 10.0.40219.1
Project("{2150E333-8FDC-42A3-9474-1A3956D46DE8}") = "RateMedia-main", "RateMedia-main", "{E44F01AE-8209-D6AF-740B-95B9D6201434}"
EndProject
Project("{FAE04EC0-301F-11D3-BF4B-00C04F79EFBC}") = "RateMedia", "RateMedia-main\RateMedia\RateMedia.csproj", "{4F0EFAD5-70E8-3E3B-1BB6-1BC184EBC57E}"
EndProject
Global
	GlobalSection(SolutionConfigurationPlatforms) = preSolution
		Debug|Any CPU = Debug|Any CPU
		Release|Any CPU = Release|Any CPU
	EndGlobalSection
	GlobalSection(ProjectConfigurationPlatforms) = postSolution
		{4F0EFAD5-70E8-3E3B-1BB6-1BC184EBC57E}.Debug|Any CPU.ActiveCfg = Debug|Any CPU
		{4F0EFAD5-70E8-3E3B-1BB6-1BC184EBC57E}.Debug|Any CPU.Build.0 = Debug|Any CPU
		{4F0EFAD5-70E8-3E3B-1BB6-1BC184EBC57E}.Release|Any CPU.ActiveCfg = Release|Any CPU
		{4F0EFAD5-70E8-3E3B-1BB6-1BC184EBC57E}.Release|Any CPU.Build.0 = Release|Any CPU
	EndGlobalSection
	GlobalSection(SolutionProperties) = preSolution
		HideSolutionNode = FALSE
	EndGlobalSection
	GlobalSection(NestedProjects) = preSolution
		{4F0EFAD5-70E8-3E3B-1BB6-1BC184EBC57E} = {E44F01AE-8209-D6AF-740B-95B9D6201434}
	EndGlobalSection
	GlobalSection(ExtensibilityGlobals) = postSolution
		SolutionGuid = {95C4E04A-DBDB-4189-8C70-6CE959FCF813}
	EndGlobalSection
EndGlobal
